
Microsoft Visual Studio Solution File, Format Version 12.00
# Visual Studio Version 17
VisualStudioVersion = 17.10.35027.167
MinimumVisualStudioVersion = 10.0.40219.1
Project("{2150E333-8FDC-42A3-9474-1A3956D46DE8}") = "Services", "Services", "{85F4DA25-682C-4630-B9DA-F074131F0955}"
EndProject
Project("{2150E333-8FDC-42A3-9474-1A3956D46DE8}") = "Catalogue", "Catalogue", "{5A3A6D49-C6B6-4EBA-8904-8876340A4242}"
EndProject
Project("{9A19103F-16F7-4668-BE54-9A1E7A4F7556}") = "Catalogue.Api", "Services\Catalogue\Catalogue.Api\Catalogue.Api.csproj", "{7385EBDC-B809-4942-89B7-5376EAD252E6}"
EndProject
Project("{2150E333-8FDC-42A3-9474-1A3956D46DE8}") = "BuildingBlocks", "BuildingBlocks", "{1AB33741-AFD3-49B0-ACF6-B0F2512842DD}"
EndProject
Project("{FAE04EC0-301F-11D3-BF4B-00C04F79EFBC}") = "BuildingBlocks", "BuildingBlocks\BuildingBlocks\BuildingBlocks.csproj", "{8252465E-6810-46DA-8E6B-4A6F1B43555E}"
EndProject
Global
	GlobalSection(SolutionConfigurationPlatforms) = preSolution
		Debug|Any CPU = Debug|Any CPU
		Release|Any CPU = Release|Any CPU
	EndGlobalSection
	GlobalSection(ProjectConfigurationPlatforms) = postSolution
		{7385EBDC-B809-4942-89B7-5376EAD252E6}.Debug|Any CPU.ActiveCfg = Debug|Any CPU
		{7385EBDC-B809-4942-89B7-5376EAD252E6}.Debug|Any CPU.Build.0 = Debug|Any CPU
		{7385EBDC-B809-4942-89B7-5376EAD252E6}.Release|Any CPU.ActiveCfg = Release|Any CPU
		{7385EBDC-B809-4942-89B7-5376EAD252E6}.Release|Any CPU.Build.0 = Release|Any CPU
		{8252465E-6810-46DA-8E6B-4A6F1B43555E}.Debug|Any CPU.ActiveCfg = Debug|Any CPU
		{8252465E-6810-46DA-8E6B-4A6F1B43555E}.Debug|Any CPU.Build.0 = Debug|Any CPU
		{8252465E-6810-46DA-8E6B-4A6F1B43555E}.Release|Any CPU.ActiveCfg = Release|Any CPU
		{8252465E-6810-46DA-8E6B-4A6F1B43555E}.Release|Any CPU.Build.0 = Release|Any CPU
	EndGlobalSection
	GlobalSection(SolutionProperties) = preSolution
		HideSolutionNode = FALSE
	EndGlobalSection
	GlobalSection(NestedProjects) = preSolution
		{5A3A6D49-C6B6-4EBA-8904-8876340A4242} = {85F4DA25-682C-4630-B9DA-F074131F0955}
		{7385EBDC-B809-4942-89B7-5376EAD252E6} = {5A3A6D49-C6B6-4EBA-8904-8876340A4242}
		{8252465E-6810-46DA-8E6B-4A6F1B43555E} = {1AB33741-AFD3-49B0-ACF6-B0F2512842DD}
	EndGlobalSection
	GlobalSection(ExtensibilityGlobals) = postSolution
		SolutionGuid = {4DA954F2-8117-406A-BC64-8A205BB8CAF0}
	EndGlobalSection
EndGlobal
